
Microsoft Visual Studio Solution File, Format Version 12.00
# Visual Studio Version 16
VisualStudioVersion = 16.0.29709.97
MinimumVisualStudioVersion = 10.0.40219.1
Project("{FAE04EC0-301F-11D3-BF4B-00C04F79EFBC}") = "GDStore.WebApi", "GDStore.WebApi\GDStore.WebApi.csproj", "{BC412B6F-2EB4-4825-AAD9-EEA2C8CD9C8B}"
EndProject
Project("{2150E333-8FDC-42A3-9474-1A3956D46DE8}") = "WebApi", "WebApi", "{47517313-F511-400A-908F-39CA871DD701}"
EndProject
Project("{2150E333-8FDC-42A3-9474-1A3956D46DE8}") = "Alterations", "Alterations", "{038E63A4-7F7A-452B-9824-B532B5E90B0A}"
EndProject
Project("{2150E333-8FDC-42A3-9474-1A3956D46DE8}") = "DAL", "DAL", "{5A0EA5B3-468A-4D61-A8F2-F6B97428CD38}"
EndProject
Project("{FAE04EC0-301F-11D3-BF4B-00C04F79EFBC}") = "GDStore.DAL.Interface", "DAL\GDStore.DAL.Interface\GDStore.DAL.Interface.csproj", "{E2F25388-FEB7-4FDF-8091-C4B10C008FB6}"
EndProject
Project("{FAE04EC0-301F-11D3-BF4B-00C04F79EFBC}") = "GDStore.DAL.SQL", "DAL\GDStore.DAL.SQL\GDStore.DAL.SQL.csproj", "{FA3A6C39-C758-496B-AFDF-8B4715C32564}"
EndProject
Project("{2150E333-8FDC-42A3-9474-1A3956D46DE8}") = "BLL", "BLL", "{9F1C89BD-8025-40D2-A9E4-434B6A624C31}"
EndProject
Project("{FAE04EC0-301F-11D3-BF4B-00C04F79EFBC}") = "GDStore.BLL.Interfaces", "BLL\GDStore.BLL.Interfaces\GDStore.BLL.Interfaces.csproj", "{FE93A680-181B-4844-810E-DBE0F38F2FED}"
EndProject
Project("{FAE04EC0-301F-11D3-BF4B-00C04F79EFBC}") = "GDStore.Alterations.Console", "Alterations\GDStore.Alterations.Console\GDStore.Alterations.Console.csproj", "{858DBF1B-2529-40A9-B55F-14C877FAFC54}"
EndProject
Project("{FAE04EC0-301F-11D3-BF4B-00C04F79EFBC}") = "GDStore.Alterations.Handlers", "Alterations\GDStore.Alterations.Handlers\GDStore.Alterations.Handlers.csproj", "{B1BAE034-069D-416B-877D-023E23792B6F}"
EndProject
Project("{FAE04EC0-301F-11D3-BF4B-00C04F79EFBC}") = "GDStore.Alterations.Messages", "Alterations\GDStore.Alterations.Messages\GDStore.Alterations.Messages.csproj", "{FE25EACD-7B43-4BD7-A27E-2187207DE803}"
EndProject
Project("{FAE04EC0-301F-11D3-BF4B-00C04F79EFBC}") = "GDStore.Alterations.Services", "Alterations\GDStore.Alterations.Services\GDStore.Alterations.Services.csproj", "{4D53C68C-39F5-48A9-8A20-F5C038D1123F}"
EndProject
Project("{2150E333-8FDC-42A3-9474-1A3956D46DE8}") = "Payments", "Payments", "{511A0F77-7C92-4DA1-917F-FA7113DEAF8F}"
EndProject
Project("{FAE04EC0-301F-11D3-BF4B-00C04F79EFBC}") = "GDStore.Payments.Console", "Payments\GDStore.Payments.Console\GDStore.Payments.Console.csproj", "{BE724EA2-A5E8-4B81-967C-66E2AC02D9B6}"
EndProject
Project("{FAE04EC0-301F-11D3-BF4B-00C04F79EFBC}") = "GDStore.Payments.Handlers", "Payments\GDStore.Payments.Handlers\GDStore.Payments.Handlers.csproj", "{D1A664B9-4E5B-49EC-B4FA-D9005961EB6E}"
EndProject
Project("{FAE04EC0-301F-11D3-BF4B-00C04F79EFBC}") = "GDStore.Payments.Services", "Payments\GDStore.Payments.Services\GDStore.Payments.Services.csproj", "{F46B9693-DBEE-4C01-A57F-40291F599F4A}"
EndProject
Project("{FAE04EC0-301F-11D3-BF4B-00C04F79EFBC}") = "GDStore.Payments.Messages", "Payments\GDStore.Payments.Messages\GDStore.Payments.Messages.csproj", "{AF4F32C9-AA66-4422-92F4-DC59B723D5F4}"
EndProject
Project("{FAE04EC0-301F-11D3-BF4B-00C04F79EFBC}") = "GDStore.BLL.Services", "BLL\GDStore.BLL.Services\GDStore.BLL.Services.csproj", "{ABA0133C-4898-459C-8C11-CD703CD98721}"
EndProject
Global
	GlobalSection(SolutionConfigurationPlatforms) = preSolution
		Debug|Any CPU = Debug|Any CPU
		Release|Any CPU = Release|Any CPU
	EndGlobalSection
	GlobalSection(ProjectConfigurationPlatforms) = postSolution
		{BC412B6F-2EB4-4825-AAD9-EEA2C8CD9C8B}.Debug|Any CPU.ActiveCfg = Debug|Any CPU
		{BC412B6F-2EB4-4825-AAD9-EEA2C8CD9C8B}.Debug|Any CPU.Build.0 = Debug|Any CPU
		{BC412B6F-2EB4-4825-AAD9-EEA2C8CD9C8B}.Release|Any CPU.ActiveCfg = Release|Any CPU
		{BC412B6F-2EB4-4825-AAD9-EEA2C8CD9C8B}.Release|Any CPU.Build.0 = Release|Any CPU
		{E2F25388-FEB7-4FDF-8091-C4B10C008FB6}.Debug|Any CPU.ActiveCfg = Debug|Any CPU
		{E2F25388-FEB7-4FDF-8091-C4B10C008FB6}.Debug|Any CPU.Build.0 = Debug|Any CPU
		{E2F25388-FEB7-4FDF-8091-C4B10C008FB6}.Release|Any CPU.ActiveCfg = Release|Any CPU
		{E2F25388-FEB7-4FDF-8091-C4B10C008FB6}.Release|Any CPU.Build.0 = Release|Any CPU
		{FA3A6C39-C758-496B-AFDF-8B4715C32564}.Debug|Any CPU.ActiveCfg = Debug|Any CPU
		{FA3A6C39-C758-496B-AFDF-8B4715C32564}.Debug|Any CPU.Build.0 = Debug|Any CPU
		{FA3A6C39-C758-496B-AFDF-8B4715C32564}.Release|Any CPU.ActiveCfg = Release|Any CPU
		{FA3A6C39-C758-496B-AFDF-8B4715C32564}.Release|Any CPU.Build.0 = Release|Any CPU
		{FE93A680-181B-4844-810E-DBE0F38F2FED}.Debug|Any CPU.ActiveCfg = Debug|Any CPU
		{FE93A680-181B-4844-810E-DBE0F38F2FED}.Debug|Any CPU.Build.0 = Debug|Any CPU
		{FE93A680-181B-4844-810E-DBE0F38F2FED}.Release|Any CPU.ActiveCfg = Release|Any CPU
		{FE93A680-181B-4844-810E-DBE0F38F2FED}.Release|Any CPU.Build.0 = Release|Any CPU
		{858DBF1B-2529-40A9-B55F-14C877FAFC54}.Debug|Any CPU.ActiveCfg = Debug|Any CPU
		{858DBF1B-2529-40A9-B55F-14C877FAFC54}.Debug|Any CPU.Build.0 = Debug|Any CPU
		{858DBF1B-2529-40A9-B55F-14C877FAFC54}.Release|Any CPU.ActiveCfg = Release|Any CPU
		{858DBF1B-2529-40A9-B55F-14C877FAFC54}.Release|Any CPU.Build.0 = Release|Any CPU
		{B1BAE034-069D-416B-877D-023E23792B6F}.Debug|Any CPU.ActiveCfg = Debug|Any CPU
		{B1BAE034-069D-416B-877D-023E23792B6F}.Debug|Any CPU.Build.0 = Debug|Any CPU
		{B1BAE034-069D-416B-877D-023E23792B6F}.Release|Any CPU.ActiveCfg = Release|Any CPU
		{B1BAE034-069D-416B-877D-023E23792B6F}.Release|Any CPU.Build.0 = Release|Any CPU
		{FE25EACD-7B43-4BD7-A27E-2187207DE803}.Debug|Any CPU.ActiveCfg = Debug|Any CPU
		{FE25EACD-7B43-4BD7-A27E-2187207DE803}.Debug|Any CPU.Build.0 = Debug|Any CPU
		{FE25EACD-7B43-4BD7-A27E-2187207DE803}.Release|Any CPU.ActiveCfg = Release|Any CPU
		{FE25EACD-7B43-4BD7-A27E-2187207DE803}.Release|Any CPU.Build.0 = Release|Any CPU
		{4D53C68C-39F5-48A9-8A20-F5C038D1123F}.Debug|Any CPU.ActiveCfg = Debug|Any CPU
		{4D53C68C-39F5-48A9-8A20-F5C038D1123F}.Debug|Any CPU.Build.0 = Debug|Any CPU
		{4D53C68C-39F5-48A9-8A20-F5C038D1123F}.Release|Any CPU.ActiveCfg = Release|Any CPU
		{4D53C68C-39F5-48A9-8A20-F5C038D1123F}.Release|Any CPU.Build.0 = Release|Any CPU
		{BE724EA2-A5E8-4B81-967C-66E2AC02D9B6}.Debug|Any CPU.ActiveCfg = Debug|Any CPU
		{BE724EA2-A5E8-4B81-967C-66E2AC02D9B6}.Debug|Any CPU.Build.0 = Debug|Any CPU
		{BE724EA2-A5E8-4B81-967C-66E2AC02D9B6}.Release|Any CPU.ActiveCfg = Release|Any CPU
		{BE724EA2-A5E8-4B81-967C-66E2AC02D9B6}.Release|Any CPU.Build.0 = Release|Any CPU
		{D1A664B9-4E5B-49EC-B4FA-D9005961EB6E}.Debug|Any CPU.ActiveCfg = Debug|Any CPU
		{D1A664B9-4E5B-49EC-B4FA-D9005961EB6E}.Debug|Any CPU.Build.0 = Debug|Any CPU
		{D1A664B9-4E5B-49EC-B4FA-D9005961EB6E}.Release|Any CPU.ActiveCfg = Release|Any CPU
		{D1A664B9-4E5B-49EC-B4FA-D9005961EB6E}.Release|Any CPU.Build.0 = Release|Any CPU
		{F46B9693-DBEE-4C01-A57F-40291F599F4A}.Debug|Any CPU.ActiveCfg = Debug|Any CPU
		{F46B9693-DBEE-4C01-A57F-40291F599F4A}.Debug|Any CPU.Build.0 = Debug|Any CPU
		{F46B9693-DBEE-4C01-A57F-40291F599F4A}.Release|Any CPU.ActiveCfg = Release|Any CPU
		{F46B9693-DBEE-4C01-A57F-40291F599F4A}.Release|Any CPU.Build.0 = Release|Any CPU
		{AF4F32C9-AA66-4422-92F4-DC59B723D5F4}.Debug|Any CPU.ActiveCfg = Debug|Any CPU
		{AF4F32C9-AA66-4422-92F4-DC59B723D5F4}.Debug|Any CPU.Build.0 = Debug|Any CPU
		{AF4F32C9-AA66-4422-92F4-DC59B723D5F4}.Release|Any CPU.ActiveCfg = Release|Any CPU
		{AF4F32C9-AA66-4422-92F4-DC59B723D5F4}.Release|Any CPU.Build.0 = Release|Any CPU
		{ABA0133C-4898-459C-8C11-CD703CD98721}.Debug|Any CPU.ActiveCfg = Debug|Any CPU
		{ABA0133C-4898-459C-8C11-CD703CD98721}.Debug|Any CPU.Build.0 = Debug|Any CPU
		{ABA0133C-4898-459C-8C11-CD703CD98721}.Release|Any CPU.ActiveCfg = Release|Any CPU
		{ABA0133C-4898-459C-8C11-CD703CD98721}.Release|Any CPU.Build.0 = Release|Any CPU
	EndGlobalSection
	GlobalSection(SolutionProperties) = preSolution
		HideSolutionNode = FALSE
	EndGlobalSection
	GlobalSection(NestedProjects) = preSolution
		{BC412B6F-2EB4-4825-AAD9-EEA2C8CD9C8B} = {47517313-F511-400A-908F-39CA871DD701}
		{E2F25388-FEB7-4FDF-8091-C4B10C008FB6} = {5A0EA5B3-468A-4D61-A8F2-F6B97428CD38}
		{FA3A6C39-C758-496B-AFDF-8B4715C32564} = {5A0EA5B3-468A-4D61-A8F2-F6B97428CD38}
		{FE93A680-181B-4844-810E-DBE0F38F2FED} = {9F1C89BD-8025-40D2-A9E4-434B6A624C31}
		{858DBF1B-2529-40A9-B55F-14C877FAFC54} = {038E63A4-7F7A-452B-9824-B532B5E90B0A}
		{B1BAE034-069D-416B-877D-023E23792B6F} = {038E63A4-7F7A-452B-9824-B532B5E90B0A}
		{FE25EACD-7B43-4BD7-A27E-2187207DE803} = {038E63A4-7F7A-452B-9824-B532B5E90B0A}
		{4D53C68C-39F5-48A9-8A20-F5C038D1123F} = {038E63A4-7F7A-452B-9824-B532B5E90B0A}
		{BE724EA2-A5E8-4B81-967C-66E2AC02D9B6} = {511A0F77-7C92-4DA1-917F-FA7113DEAF8F}
		{D1A664B9-4E5B-49EC-B4FA-D9005961EB6E} = {511A0F77-7C92-4DA1-917F-FA7113DEAF8F}
		{F46B9693-DBEE-4C01-A57F-40291F599F4A} = {511A0F77-7C92-4DA1-917F-FA7113DEAF8F}
		{AF4F32C9-AA66-4422-92F4-DC59B723D5F4} = {511A0F77-7C92-4DA1-917F-FA7113DEAF8F}
		{ABA0133C-4898-459C-8C11-CD703CD98721} = {9F1C89BD-8025-40D2-A9E4-434B6A624C31}
	EndGlobalSection
	GlobalSection(ExtensibilityGlobals) = postSolution
		SolutionGuid = {727A4FE7-854B-44A2-9AB5-952A0CBEC3F4}
	EndGlobalSection
EndGlobal
