
Microsoft Visual Studio Solution File, Format Version 12.00
# Visual Studio Version 16
VisualStudioVersion = 16.0.29709.97
MinimumVisualStudioVersion = 10.0.40219.1
Project("{FAE04EC0-301F-11D3-BF4B-00C04F79EFBC}") = "GDStore.WebApi", "GDStore.WebApi\GDStore.WebApi.csproj", "{BC412B6F-2EB4-4825-AAD9-EEA2C8CD9C8B}"
EndProject
Global
	GlobalSection(SolutionConfigurationPlatforms) = preSolution
		Debug|Any CPU = Debug|Any CPU
		Release|Any CPU = Release|Any CPU
	EndGlobalSection
	GlobalSection(ProjectConfigurationPlatforms) = postSolution
		{BC412B6F-2EB4-4825-AAD9-EEA2C8CD9C8B}.Debug|Any CPU.ActiveCfg = Debug|Any CPU
		{BC412B6F-2EB4-4825-AAD9-EEA2C8CD9C8B}.Debug|Any CPU.Build.0 = Debug|Any CPU
		{BC412B6F-2EB4-4825-AAD9-EEA2C8CD9C8B}.Release|Any CPU.ActiveCfg = Release|Any CPU
		{BC412B6F-2EB4-4825-AAD9-EEA2C8CD9C8B}.Release|Any CPU.Build.0 = Release|Any CPU
	EndGlobalSection
	GlobalSection(SolutionProperties) = preSolution
		HideSolutionNode = FALSE
	EndGlobalSection
	GlobalSection(ExtensibilityGlobals) = postSolution
		SolutionGuid = {727A4FE7-854B-44A2-9AB5-952A0CBEC3F4}
	EndGlobalSection
EndGlobal
